
Microsoft Visual Studio Solution File, Format Version 12.00
# Visual Studio Version 16
VisualStudioVersion = 16.0.29926.136
MinimumVisualStudioVersion = 10.0.40219.1
Project("{FAE04EC0-301F-11D3-BF4B-00C04F79EFBC}") = "Flash Card App.Android", "Flash Card App\Flash Card App.Android\Flash Card App.Android.csproj", "{2D19C457-986E-401A-81E3-F0B6ADE9D58B}"
EndProject
Project("{FAE04EC0-301F-11D3-BF4B-00C04F79EFBC}") = "Flash Card App.iOS", "Flash Card App\Flash Card App.iOS\Flash Card App.iOS.csproj", "{ACD9CB5E-0A2D-488E-804B-37138BD8713E}"
EndProject
Project("{FAE04EC0-301F-11D3-BF4B-00C04F79EFBC}") = "Flash Card App", "Flash Card App\Flash Card App\Flash Card App.csproj", "{76211CB9-A043-4ED4-AC91-C225D7F39A94}"
EndProject
Global
	GlobalSection(SolutionConfigurationPlatforms) = preSolution
		Debug|Any CPU = Debug|Any CPU
		Debug|iPhone = Debug|iPhone
		Debug|iPhoneSimulator = Debug|iPhoneSimulator
		Release|Any CPU = Release|Any CPU
		Release|iPhone = Release|iPhone
		Release|iPhoneSimulator = Release|iPhoneSimulator
	EndGlobalSection
	GlobalSection(ProjectConfigurationPlatforms) = postSolution
		{2D19C457-986E-401A-81E3-F0B6ADE9D58B}.Debug|Any CPU.ActiveCfg = Debug|Any CPU
		{2D19C457-986E-401A-81E3-F0B6ADE9D58B}.Debug|Any CPU.Build.0 = Debug|Any CPU
		{2D19C457-986E-401A-81E3-F0B6ADE9D58B}.Debug|Any CPU.Deploy.0 = Debug|Any CPU
		{2D19C457-986E-401A-81E3-F0B6ADE9D58B}.Debug|iPhone.ActiveCfg = Debug|Any CPU
		{2D19C457-986E-401A-81E3-F0B6ADE9D58B}.Debug|iPhone.Build.0 = Debug|Any CPU
		{2D19C457-986E-401A-81E3-F0B6ADE9D58B}.Debug|iPhone.Deploy.0 = Debug|Any CPU
		{2D19C457-986E-401A-81E3-F0B6ADE9D58B}.Debug|iPhoneSimulator.ActiveCfg = Debug|Any CPU
		{2D19C457-986E-401A-81E3-F0B6ADE9D58B}.Debug|iPhoneSimulator.Build.0 = Debug|Any CPU
		{2D19C457-986E-401A-81E3-F0B6ADE9D58B}.Debug|iPhoneSimulator.Deploy.0 = Debug|Any CPU
		{2D19C457-986E-401A-81E3-F0B6ADE9D58B}.Release|Any CPU.ActiveCfg = Release|Any CPU
		{2D19C457-986E-401A-81E3-F0B6ADE9D58B}.Release|Any CPU.Build.0 = Release|Any CPU
		{2D19C457-986E-401A-81E3-F0B6ADE9D58B}.Release|Any CPU.Deploy.0 = Release|Any CPU
		{2D19C457-986E-401A-81E3-F0B6ADE9D58B}.Release|iPhone.ActiveCfg = Release|Any CPU
		{2D19C457-986E-401A-81E3-F0B6ADE9D58B}.Release|iPhone.Build.0 = Release|Any CPU
		{2D19C457-986E-401A-81E3-F0B6ADE9D58B}.Release|iPhone.Deploy.0 = Release|Any CPU
		{2D19C457-986E-401A-81E3-F0B6ADE9D58B}.Release|iPhoneSimulator.ActiveCfg = Release|Any CPU
		{2D19C457-986E-401A-81E3-F0B6ADE9D58B}.Release|iPhoneSimulator.Build.0 = Release|Any CPU
		{2D19C457-986E-401A-81E3-F0B6ADE9D58B}.Release|iPhoneSimulator.Deploy.0 = Release|Any CPU
		{ACD9CB5E-0A2D-488E-804B-37138BD8713E}.Debug|Any CPU.ActiveCfg = Debug|iPhone
		{ACD9CB5E-0A2D-488E-804B-37138BD8713E}.Debug|Any CPU.Build.0 = Debug|iPhone
		{ACD9CB5E-0A2D-488E-804B-37138BD8713E}.Debug|Any CPU.Deploy.0 = Debug|iPhone
		{ACD9CB5E-0A2D-488E-804B-37138BD8713E}.Debug|iPhone.ActiveCfg = Debug|iPhone
		{ACD9CB5E-0A2D-488E-804B-37138BD8713E}.Debug|iPhone.Build.0 = Debug|iPhone
		{ACD9CB5E-0A2D-488E-804B-37138BD8713E}.Debug|iPhone.Deploy.0 = Debug|iPhone
		{ACD9CB5E-0A2D-488E-804B-37138BD8713E}.Debug|iPhoneSimulator.ActiveCfg = Debug|iPhoneSimulator
		{ACD9CB5E-0A2D-488E-804B-37138BD8713E}.Debug|iPhoneSimulator.Build.0 = Debug|iPhoneSimulator
		{ACD9CB5E-0A2D-488E-804B-37138BD8713E}.Debug|iPhoneSimulator.Deploy.0 = Debug|iPhoneSimulator
		{ACD9CB5E-0A2D-488E-804B-37138BD8713E}.Release|Any CPU.ActiveCfg = Release|iPhone
		{ACD9CB5E-0A2D-488E-804B-37138BD8713E}.Release|Any CPU.Build.0 = Release|iPhone
		{ACD9CB5E-0A2D-488E-804B-37138BD8713E}.Release|Any CPU.Deploy.0 = Release|iPhone
		{ACD9CB5E-0A2D-488E-804B-37138BD8713E}.Release|iPhone.ActiveCfg = Release|iPhone
		{ACD9CB5E-0A2D-488E-804B-37138BD8713E}.Release|iPhone.Build.0 = Release|iPhone
		{ACD9CB5E-0A2D-488E-804B-37138BD8713E}.Release|iPhone.Deploy.0 = Release|iPhone
		{ACD9CB5E-0A2D-488E-804B-37138BD8713E}.Release|iPhoneSimulator.ActiveCfg = Release|iPhoneSimulator
		{ACD9CB5E-0A2D-488E-804B-37138BD8713E}.Release|iPhoneSimulator.Build.0 = Release|iPhoneSimulator
		{ACD9CB5E-0A2D-488E-804B-37138BD8713E}.Release|iPhoneSimulator.Deploy.0 = Release|iPhoneSimulator
		{76211CB9-A043-4ED4-AC91-C225D7F39A94}.Debug|Any CPU.ActiveCfg = Debug|Any CPU
		{76211CB9-A043-4ED4-AC91-C225D7F39A94}.Debug|Any CPU.Build.0 = Debug|Any CPU
		{76211CB9-A043-4ED4-AC91-C225D7F39A94}.Debug|Any CPU.Deploy.0 = Debug|Any CPU
		{76211CB9-A043-4ED4-AC91-C225D7F39A94}.Debug|iPhone.ActiveCfg = Debug|Any CPU
		{76211CB9-A043-4ED4-AC91-C225D7F39A94}.Debug|iPhone.Build.0 = Debug|Any CPU
		{76211CB9-A043-4ED4-AC91-C225D7F39A94}.Debug|iPhone.Deploy.0 = Debug|Any CPU
		{76211CB9-A043-4ED4-AC91-C225D7F39A94}.Debug|iPhoneSimulator.ActiveCfg = Debug|Any CPU
		{76211CB9-A043-4ED4-AC91-C225D7F39A94}.Debug|iPhoneSimulator.Build.0 = Debug|Any CPU
		{76211CB9-A043-4ED4-AC91-C225D7F39A94}.Debug|iPhoneSimulator.Deploy.0 = Debug|Any CPU
		{76211CB9-A043-4ED4-AC91-C225D7F39A94}.Release|Any CPU.ActiveCfg = Release|Any CPU
		{76211CB9-A043-4ED4-AC91-C225D7F39A94}.Release|Any CPU.Build.0 = Release|Any CPU
		{76211CB9-A043-4ED4-AC91-C225D7F39A94}.Release|Any CPU.Deploy.0 = Release|Any CPU
		{76211CB9-A043-4ED4-AC91-C225D7F39A94}.Release|iPhone.ActiveCfg = Release|Any CPU
		{76211CB9-A043-4ED4-AC91-C225D7F39A94}.Release|iPhone.Build.0 = Release|Any CPU
		{76211CB9-A043-4ED4-AC91-C225D7F39A94}.Release|iPhone.Deploy.0 = Release|Any CPU
		{76211CB9-A043-4ED4-AC91-C225D7F39A94}.Release|iPhoneSimulator.ActiveCfg = Release|Any CPU
		{76211CB9-A043-4ED4-AC91-C225D7F39A94}.Release|iPhoneSimulator.Build.0 = Release|Any CPU
		{76211CB9-A043-4ED4-AC91-C225D7F39A94}.Release|iPhoneSimulator.Deploy.0 = Release|Any CPU
	EndGlobalSection
	GlobalSection(SolutionProperties) = preSolution
		HideSolutionNode = FALSE
	EndGlobalSection
	GlobalSection(ExtensibilityGlobals) = postSolution
		SolutionGuid = {E149C87E-BFD9-4931-BA69-4BA96D3BF65C}
	EndGlobalSection
EndGlobal
